{
  "originHash" : "559698e186886ceff1f23b3541395f7971c480603767aae9d5637dad04e33280",
  "pins" : [
    {
      "identity" : "lottie-ios",
      "kind" : "remoteSourceControl",
      "location" : "https://github.com/airbnb/lottie-ios.git",
      "state" : {
        "revision" : "769b88d83a42ca8d5572b020c96f47e3690b3796",
        "version" : "4.4.3"
      }
    },
    {
      "identity" : "simplecheckbox",
      "kind" : "remoteSourceControl",
      "location" : "https://github.com/BeauNouvelle/SimpleCheckbox.git",
      "state" : {
        "revision" : "e9791e08a9aac10a1955439bb50dae75dccd0f50",
        "version" : "2.5.1"
      }
    },
    {
      "identity" : "taglistview",
      "kind" : "remoteSourceControl",
      "location" : "https://github.com/ElaWorkshop/TagListView.git",
      "state" : {
        "revision" : "b30b61826736f4d9ec04aef5df891f3914423f16",
        "version" : "1.4.1"
      }
    }
  ],
  "version" : 3
}
