// !$*UTF8*$!
{
	archiveVersion = 1;
	classes = {
	};
	objectVersion = 56;
	objects = {

/* Begin PBXBuildFile section */
		8923C38F2C217A060088BEED /* FriendCellTableViewCell.swift in Sources */ = {isa = PBXBuildFile; fileRef = 8923C38E2C217A060088BEED /* FriendCellTableViewCell.swift */; };
		8923C3912C217A130088BEED /* MyFriendsCell.swift in Sources */ = {isa = PBXBuildFile; fileRef = 8923C3902C217A130088BEED /* MyFriendsCell.swift */; };
		8923C3932C217A260088BEED /* MyFriendViewCell.swift in Sources */ = {isa = PBXBuildFile; fileRef = 8923C3922C217A260088BEED /* MyFriendViewCell.swift */; };
		8923C3952C217A330088BEED /* RequestViewCell.swift in Sources */ = {isa = PBXBuildFile; fileRef = 8923C3942C217A330088BEED /* RequestViewCell.swift */; };
		8923F0C02C05BB7A0029561D /* AppDelegate.swift in Sources */ = {isa = PBXBuildFile; fileRef = 8923F0BF2C05BB7A0029561D /* AppDelegate.swift */; };
		8923F0C22C05BB7A0029561D /* SceneDelegate.swift in Sources */ = {isa = PBXBuildFile; fileRef = 8923F0C12C05BB7A0029561D /* SceneDelegate.swift */; };
		8923F0C42C05BB7A0029561D /* MainViewController.swift in Sources */ = {isa = PBXBuildFile; fileRef = 8923F0C32C05BB7A0029561D /* MainViewController.swift */; };
		8923F0C72C05BB7A0029561D /* Base in Resources */ = {isa = PBXBuildFile; fileRef = 8923F0C62C05BB7A0029561D /* Base */; };
		8923F0C92C05BB7B0029561D /* Assets.xcassets in Resources */ = {isa = PBXBuildFile; fileRef = 8923F0C82C05BB7B0029561D /* Assets.xcassets */; };
		8923F0CC2C05BB7B0029561D /* Base in Resources */ = {isa = PBXBuildFile; fileRef = 8923F0CB2C05BB7B0029561D /* Base */; };
		8923F0D62C08CAEE0029561D /* Login.storyboard in Resources */ = {isa = PBXBuildFile; fileRef = 8923F0D52C08CAEE0029561D /* Login.storyboard */; };
		8923F0D82C08CBCC0029561D /* LoginViewController.swift in Sources */ = {isa = PBXBuildFile; fileRef = 8923F0D72C08CBCC0029561D /* LoginViewController.swift */; };
		8923F0DF2C08D47E0029561D /* LoadingViewController.swift in Sources */ = {isa = PBXBuildFile; fileRef = 8923F0DE2C08D47E0029561D /* LoadingViewController.swift */; };
		8923F0E32C094C990029561D /* FriendManagement_addFriend.storyboard in Resources */ = {isa = PBXBuildFile; fileRef = 8923F0E22C094C980029561D /* FriendManagement_addFriend.storyboard */; };
		8924AB172C0F0C1800FFA438 /* MyTodoViewController.swift in Sources */ = {isa = PBXBuildFile; fileRef = 8924AB162C0F0C1800FFA438 /* MyTodoViewController.swift */; };
		8924AB262C16ED3100FFA438 /* MyFriendTodoCell.swift in Sources */ = {isa = PBXBuildFile; fileRef = 8924AB252C16ED3100FFA438 /* MyFriendTodoCell.swift */; };
		894D4C9B2C09B70200B71552 /* FriendManagement_myFriends.storyboard in Resources */ = {isa = PBXBuildFile; fileRef = 894D4C9A2C09B70200B71552 /* FriendManagement_myFriends.storyboard */; };
		894D4C9D2C09B73200B71552 /* FriendManagement_requests.storyboard in Resources */ = {isa = PBXBuildFile; fileRef = 894D4C9C2C09B73200B71552 /* FriendManagement_requests.storyboard */; };
		894D4C9F2C09D9A000B71552 /* AddFriendViewController.swift in Sources */ = {isa = PBXBuildFile; fileRef = 894D4C9E2C09D9A000B71552 /* AddFriendViewController.swift */; };
		894D4CA12C09D9CC00B71552 /* MyFriendsViewController.swift in Sources */ = {isa = PBXBuildFile; fileRef = 894D4CA02C09D9CC00B71552 /* MyFriendsViewController.swift */; };
		894D4CA32C09D9E500B71552 /* RequestViewController.swift in Sources */ = {isa = PBXBuildFile; fileRef = 894D4CA22C09D9E500B71552 /* RequestViewController.swift */; };
		894D4CA52C09DE0100B71552 /* MyFriendsTodo.storyboard in Resources */ = {isa = PBXBuildFile; fileRef = 894D4CA42C09DE0100B71552 /* MyFriendsTodo.storyboard */; };
		894D4CA72C09DE8000B71552 /* MyFriendsTodoController.swift in Sources */ = {isa = PBXBuildFile; fileRef = 894D4CA62C09DE8000B71552 /* MyFriendsTodoController.swift */; };
		894D4CA92C09E11F00B71552 /* MyTodoEnroll.storyboard in Resources */ = {isa = PBXBuildFile; fileRef = 894D4CA82C09E11F00B71552 /* MyTodoEnroll.storyboard */; };
		894D4CAB2C09E13000B71552 /* MyTodoEnrollController.swift in Sources */ = {isa = PBXBuildFile; fileRef = 894D4CAA2C09E13000B71552 /* MyTodoEnrollController.swift */; };
		894D4CB12C09F06F00B71552 /* MyPage.storyboard in Resources */ = {isa = PBXBuildFile; fileRef = 894D4CB02C09F06F00B71552 /* MyPage.storyboard */; };
		894D4CB32C0C2C3B00B71552 /* MyPageViewController.swift in Sources */ = {isa = PBXBuildFile; fileRef = 894D4CB22C0C2C3B00B71552 /* MyPageViewController.swift */; };
		894D4CB52C0C2D6E00B71552 /* MyInfoEdit.storyboard in Resources */ = {isa = PBXBuildFile; fileRef = 894D4CB42C0C2D6E00B71552 /* MyInfoEdit.storyboard */; };
		894D4CB72C0C2F2200B71552 /* MyInfoEditViewController.swift in Sources */ = {isa = PBXBuildFile; fileRef = 894D4CB62C0C2F2200B71552 /* MyInfoEditViewController.swift */; };
		894D4CB92C0C2FC300B71552 /* SignUp.storyboard in Resources */ = {isa = PBXBuildFile; fileRef = 894D4CB82C0C2FC300B71552 /* SignUp.storyboard */; };
		894D4CBB2C0C31FB00B71552 /* SignUpViewController.swift in Sources */ = {isa = PBXBuildFile; fileRef = 894D4CBA2C0C31FB00B71552 /* SignUpViewController.swift */; };
		894D4CBD2C0C3D0600B71552 /* FriendManagement.storyboard in Resources */ = {isa = PBXBuildFile; fileRef = 894D4CBC2C0C3D0600B71552 /* FriendManagement.storyboard */; };
		894D4CBF2C0C3E7C00B71552 /* FriendManagementTabBarController.swift in Sources */ = {isa = PBXBuildFile; fileRef = 894D4CBE2C0C3E7C00B71552 /* FriendManagementTabBarController.swift */; };
		898904AE2C1BE56A0021AE32 /* MyTodoDetailController.swift in Sources */ = {isa = PBXBuildFile; fileRef = 898904AD2C1BE56A0021AE32 /* MyTodoDetailController.swift */; };
		898904B22C1BEDE10021AE32 /* FriendsTodoDetailController.swift in Sources */ = {isa = PBXBuildFile; fileRef = 898904B12C1BEDE10021AE32 /* FriendsTodoDetailController.swift */; };
		AA7581E62C23DD5B0048EF41 /* FriendsManager.swift in Sources */ = {isa = PBXBuildFile; fileRef = AA7581E52C23DD5B0048EF41 /* FriendsManager.swift */; };
		AAA166AE2C0EF98B00AAA8B3 /* LogInTabBarController.swift in Sources */ = {isa = PBXBuildFile; fileRef = AAA166AD2C0EF98B00AAA8B3 /* LogInTabBarController.swift */; };
		AAD427A62C219AF800731A46 /* Lottie in Frameworks */ = {isa = PBXBuildFile; productRef = AAD427A52C219AF800731A46 /* Lottie */; };
		AAD427A92C219B3200731A46 /* SimpleCheckbox in Frameworks */ = {isa = PBXBuildFile; productRef = AAD427A82C219B3200731A46 /* SimpleCheckbox */; };
		AAD427AC2C219B6B00731A46 /* TagListView in Frameworks */ = {isa = PBXBuildFile; productRef = AAD427AB2C219B6B00731A46 /* TagListView */; };
/* End PBXBuildFile section */

/* Begin PBXFileReference section */
		8923C38E2C217A060088BEED /* FriendCellTableViewCell.swift */ = {isa = PBXFileReference; fileEncoding = 4; lastKnownFileType = sourcecode.swift; path = FriendCellTableViewCell.swift; sourceTree = "<group>"; };
		8923C3902C217A130088BEED /* MyFriendsCell.swift */ = {isa = PBXFileReference; fileEncoding = 4; lastKnownFileType = sourcecode.swift; path = MyFriendsCell.swift; sourceTree = "<group>"; };
		8923C3922C217A260088BEED /* MyFriendViewCell.swift */ = {isa = PBXFileReference; fileEncoding = 4; lastKnownFileType = sourcecode.swift; path = MyFriendViewCell.swift; sourceTree = "<group>"; };
		8923C3942C217A330088BEED /* RequestViewCell.swift */ = {isa = PBXFileReference; fileEncoding = 4; lastKnownFileType = sourcecode.swift; path = RequestViewCell.swift; sourceTree = "<group>"; };
		8923F0BC2C05BB7A0029561D /* Todo.app */ = {isa = PBXFileReference; explicitFileType = wrapper.application; includeInIndex = 0; path = Todo.app; sourceTree = BUILT_PRODUCTS_DIR; };
		8923F0BF2C05BB7A0029561D /* AppDelegate.swift */ = {isa = PBXFileReference; lastKnownFileType = sourcecode.swift; path = AppDelegate.swift; sourceTree = "<group>"; };
		8923F0C12C05BB7A0029561D /* SceneDelegate.swift */ = {isa = PBXFileReference; lastKnownFileType = sourcecode.swift; path = SceneDelegate.swift; sourceTree = "<group>"; };
		8923F0C32C05BB7A0029561D /* MainViewController.swift */ = {isa = PBXFileReference; lastKnownFileType = sourcecode.swift; path = MainViewController.swift; sourceTree = "<group>"; };
		8923F0C62C05BB7A0029561D /* Base */ = {isa = PBXFileReference; lastKnownFileType = file.storyboard; name = Base; path = Base.lproj/Main.storyboard; sourceTree = "<group>"; };
		8923F0C82C05BB7B0029561D /* Assets.xcassets */ = {isa = PBXFileReference; lastKnownFileType = folder.assetcatalog; path = Assets.xcassets; sourceTree = "<group>"; };
		8923F0CB2C05BB7B0029561D /* Base */ = {isa = PBXFileReference; lastKnownFileType = file.storyboard; name = Base; path = Base.lproj/LaunchScreen.storyboard; sourceTree = "<group>"; };
		8923F0CD2C05BB7B0029561D /* Info.plist */ = {isa = PBXFileReference; lastKnownFileType = text.plist.xml; path = Info.plist; sourceTree = "<group>"; };
		8923F0D52C08CAEE0029561D /* Login.storyboard */ = {isa = PBXFileReference; lastKnownFileType = file.storyboard; path = Login.storyboard; sourceTree = "<group>"; };
		8923F0D72C08CBCC0029561D /* LoginViewController.swift */ = {isa = PBXFileReference; lastKnownFileType = sourcecode.swift; path = LoginViewController.swift; sourceTree = "<group>"; };
		8923F0DE2C08D47E0029561D /* LoadingViewController.swift */ = {isa = PBXFileReference; lastKnownFileType = sourcecode.swift; path = LoadingViewController.swift; sourceTree = "<group>"; };
		8923F0E22C094C980029561D /* FriendManagement_addFriend.storyboard */ = {isa = PBXFileReference; lastKnownFileType = file.storyboard; path = FriendManagement_addFriend.storyboard; sourceTree = "<group>"; };
		8924AB162C0F0C1800FFA438 /* MyTodoViewController.swift */ = {isa = PBXFileReference; lastKnownFileType = sourcecode.swift; path = MyTodoViewController.swift; sourceTree = "<group>"; };
		8924AB252C16ED3100FFA438 /* MyFriendTodoCell.swift */ = {isa = PBXFileReference; lastKnownFileType = sourcecode.swift; path = MyFriendTodoCell.swift; sourceTree = "<group>"; };
		894D4C9A2C09B70200B71552 /* FriendManagement_myFriends.storyboard */ = {isa = PBXFileReference; lastKnownFileType = file.storyboard; path = FriendManagement_myFriends.storyboard; sourceTree = "<group>"; };
		894D4C9C2C09B73200B71552 /* FriendManagement_requests.storyboard */ = {isa = PBXFileReference; lastKnownFileType = file.storyboard; path = FriendManagement_requests.storyboard; sourceTree = "<group>"; };
		894D4C9E2C09D9A000B71552 /* AddFriendViewController.swift */ = {isa = PBXFileReference; lastKnownFileType = sourcecode.swift; path = AddFriendViewController.swift; sourceTree = "<group>"; };
		894D4CA02C09D9CC00B71552 /* MyFriendsViewController.swift */ = {isa = PBXFileReference; lastKnownFileType = sourcecode.swift; path = MyFriendsViewController.swift; sourceTree = "<group>"; };
		894D4CA22C09D9E500B71552 /* RequestViewController.swift */ = {isa = PBXFileReference; lastKnownFileType = sourcecode.swift; path = RequestViewController.swift; sourceTree = "<group>"; };
		894D4CA42C09DE0100B71552 /* MyFriendsTodo.storyboard */ = {isa = PBXFileReference; lastKnownFileType = file.storyboard; path = MyFriendsTodo.storyboard; sourceTree = "<group>"; };
		894D4CA62C09DE8000B71552 /* MyFriendsTodoController.swift */ = {isa = PBXFileReference; lastKnownFileType = sourcecode.swift; path = MyFriendsTodoController.swift; sourceTree = "<group>"; };
		894D4CA82C09E11F00B71552 /* MyTodoEnroll.storyboard */ = {isa = PBXFileReference; lastKnownFileType = file.storyboard; path = MyTodoEnroll.storyboard; sourceTree = "<group>"; };
		894D4CAA2C09E13000B71552 /* MyTodoEnrollController.swift */ = {isa = PBXFileReference; lastKnownFileType = sourcecode.swift; path = MyTodoEnrollController.swift; sourceTree = "<group>"; };
		894D4CB02C09F06F00B71552 /* MyPage.storyboard */ = {isa = PBXFileReference; lastKnownFileType = file.storyboard; path = MyPage.storyboard; sourceTree = "<group>"; };
		894D4CB22C0C2C3B00B71552 /* MyPageViewController.swift */ = {isa = PBXFileReference; lastKnownFileType = sourcecode.swift; path = MyPageViewController.swift; sourceTree = "<group>"; };
		894D4CB42C0C2D6E00B71552 /* MyInfoEdit.storyboard */ = {isa = PBXFileReference; lastKnownFileType = file.storyboard; path = MyInfoEdit.storyboard; sourceTree = "<group>"; };
		894D4CB62C0C2F2200B71552 /* MyInfoEditViewController.swift */ = {isa = PBXFileReference; lastKnownFileType = sourcecode.swift; path = MyInfoEditViewController.swift; sourceTree = "<group>"; };
		894D4CB82C0C2FC300B71552 /* SignUp.storyboard */ = {isa = PBXFileReference; lastKnownFileType = file.storyboard; path = SignUp.storyboard; sourceTree = "<group>"; };
		894D4CBA2C0C31FB00B71552 /* SignUpViewController.swift */ = {isa = PBXFileReference; lastKnownFileType = sourcecode.swift; path = SignUpViewController.swift; sourceTree = "<group>"; };
		894D4CBC2C0C3D0600B71552 /* FriendManagement.storyboard */ = {isa = PBXFileReference; lastKnownFileType = file.storyboard; path = FriendManagement.storyboard; sourceTree = "<group>"; };
		894D4CBE2C0C3E7C00B71552 /* FriendManagementTabBarController.swift */ = {isa = PBXFileReference; lastKnownFileType = sourcecode.swift; path = FriendManagementTabBarController.swift; sourceTree = "<group>"; };
		898904AD2C1BE56A0021AE32 /* MyTodoDetailController.swift */ = {isa = PBXFileReference; lastKnownFileType = sourcecode.swift; path = MyTodoDetailController.swift; sourceTree = "<group>"; };
		898904B12C1BEDE10021AE32 /* FriendsTodoDetailController.swift */ = {isa = PBXFileReference; lastKnownFileType = sourcecode.swift; path = FriendsTodoDetailController.swift; sourceTree = "<group>"; };
		AA7581E52C23DD5B0048EF41 /* FriendsManager.swift */ = {isa = PBXFileReference; lastKnownFileType = sourcecode.swift; path = FriendsManager.swift; sourceTree = SOURCE_ROOT; };
		AAA166AD2C0EF98B00AAA8B3 /* LogInTabBarController.swift */ = {isa = PBXFileReference; lastKnownFileType = sourcecode.swift; path = LogInTabBarController.swift; sourceTree = "<group>"; };
/* End PBXFileReference section */

/* Begin PBXFrameworksBuildPhase section */
		8923F0B92C05BB7A0029561D /* Frameworks */ = {
			isa = PBXFrameworksBuildPhase;
			buildActionMask = 2147483647;
			files = (
				AAD427A62C219AF800731A46 /* Lottie in Frameworks */,
				AAD427A92C219B3200731A46 /* SimpleCheckbox in Frameworks */,
				AAD427AC2C219B6B00731A46 /* TagListView in Frameworks */,
			);
			runOnlyForDeploymentPostprocessing = 0;
		};
/* End PBXFrameworksBuildPhase section */

/* Begin PBXGroup section */
		8923F0B32C05BB7A0029561D = {
			isa = PBXGroup;
			children = (
				8923F0BE2C05BB7A0029561D /* Todo */,
				8923F0BD2C05BB7A0029561D /* Products */,
			);
			sourceTree = "<group>";
		};
		8923F0BD2C05BB7A0029561D /* Products */ = {
			isa = PBXGroup;
			children = (
				8923F0BC2C05BB7A0029561D /* Todo.app */,
			);
			name = Products;
			sourceTree = "<group>";
		};
		8923F0BE2C05BB7A0029561D /* Todo */ = {
			isa = PBXGroup;
			children = (
				8923F0CA2C05BB7B0029561D /* LaunchScreen.storyboard */,
				8923F0DE2C08D47E0029561D /* LoadingViewController.swift */,
				894D4CAC2C09E2FC00B71552 /* storyboard_jaeyoon */,
				894D4CAD2C09E30800B71552 /* controller_jaeyoon */,
				8923F0DD2C08D4500029561D /* storyboard_hongbeom */,
				8923F0DC2C08D4460029561D /* controller_hongbeom */,
				8923F0BF2C05BB7A0029561D /* AppDelegate.swift */,
				8923F0C12C05BB7A0029561D /* SceneDelegate.swift */,
				8923F0C82C05BB7B0029561D /* Assets.xcassets */,
				8923F0CD2C05BB7B0029561D /* Info.plist */,
			);
			path = Todo;
			sourceTree = "<group>";
		};
		8923F0DC2C08D4460029561D /* controller_hongbeom */ = {
			isa = PBXGroup;
			children = (
				8923F0C32C05BB7A0029561D /* MainViewController.swift */,
				8924AB162C0F0C1800FFA438 /* MyTodoViewController.swift */,
				894D4CA62C09DE8000B71552 /* MyFriendsTodoController.swift */,
				894D4CAA2C09E13000B71552 /* MyTodoEnrollController.swift */,
				8924AB252C16ED3100FFA438 /* MyFriendTodoCell.swift */,
				898904AD2C1BE56A0021AE32 /* MyTodoDetailController.swift */,
				898904B12C1BEDE10021AE32 /* FriendsTodoDetailController.swift */,
			);
			path = controller_hongbeom;
			sourceTree = "<group>";
		};
		8923F0DD2C08D4500029561D /* storyboard_hongbeom */ = {
			isa = PBXGroup;
			children = (
				8923F0C52C05BB7A0029561D /* Main.storyboard */,
				894D4CA42C09DE0100B71552 /* MyFriendsTodo.storyboard */,
				894D4CA82C09E11F00B71552 /* MyTodoEnroll.storyboard */,
			);
			path = storyboard_hongbeom;
			sourceTree = "<group>";
		};
		894D4CAC2C09E2FC00B71552 /* storyboard_jaeyoon */ = {
			isa = PBXGroup;
			children = (
				8923F0D52C08CAEE0029561D /* Login.storyboard */,
				894D4CB82C0C2FC300B71552 /* SignUp.storyboard */,
				894D4CB02C09F06F00B71552 /* MyPage.storyboard */,
				894D4CBC2C0C3D0600B71552 /* FriendManagement.storyboard */,
				8923F0E22C094C980029561D /* FriendManagement_addFriend.storyboard */,
				894D4C9A2C09B70200B71552 /* FriendManagement_myFriends.storyboard */,
				894D4C9C2C09B73200B71552 /* FriendManagement_requests.storyboard */,
				894D4CB42C0C2D6E00B71552 /* MyInfoEdit.storyboard */,
			);
			path = storyboard_jaeyoon;
			sourceTree = "<group>";
		};
		894D4CAD2C09E30800B71552 /* controller_jaeyoon */ = {
			isa = PBXGroup;
			children = (
				8923C3942C217A330088BEED /* RequestViewCell.swift */,
				8923C3902C217A130088BEED /* MyFriendsCell.swift */,
				8923C38E2C217A060088BEED /* FriendCellTableViewCell.swift */,
				8923F0D72C08CBCC0029561D /* LoginViewController.swift */,
				AAA166AD2C0EF98B00AAA8B3 /* LogInTabBarController.swift */,
				894D4CBA2C0C31FB00B71552 /* SignUpViewController.swift */,
				894D4CB22C0C2C3B00B71552 /* MyPageViewController.swift */,
				894D4CBE2C0C3E7C00B71552 /* FriendManagementTabBarController.swift */,
				894D4C9E2C09D9A000B71552 /* AddFriendViewController.swift */,
				894D4CA02C09D9CC00B71552 /* MyFriendsViewController.swift */,
				8923C3922C217A260088BEED /* MyFriendViewCell.swift */,
				894D4CA22C09D9E500B71552 /* RequestViewController.swift */,
				894D4CB62C0C2F2200B71552 /* MyInfoEditViewController.swift */,
				AA7581E52C23DD5B0048EF41 /* FriendsManager.swift */,
			);
			path = controller_jaeyoon;
			sourceTree = "<group>";
		};
/* End PBXGroup section */

/* Begin PBXNativeTarget section */
		8923F0BB2C05BB7A0029561D /* Todo */ = {
			isa = PBXNativeTarget;
			buildConfigurationList = 8923F0D02C05BB7B0029561D /* Build configuration list for PBXNativeTarget "Todo" */;
			buildPhases = (
				8923F0B82C05BB7A0029561D /* Sources */,
				8923F0B92C05BB7A0029561D /* Frameworks */,
				8923F0BA2C05BB7A0029561D /* Resources */,
			);
			buildRules = (
			);
			dependencies = (
			);
			name = Todo;
			packageProductDependencies = (
				AAD427A52C219AF800731A46 /* Lottie */,
				AAD427A82C219B3200731A46 /* SimpleCheckbox */,
				AAD427AB2C219B6B00731A46 /* TagListView */,
			);
			productName = Todo;
			productReference = 8923F0BC2C05BB7A0029561D /* Todo.app */;
			productType = "com.apple.product-type.application";
		};
/* End PBXNativeTarget section */

/* Begin PBXProject section */
		8923F0B42C05BB7A0029561D /* Project object */ = {
			isa = PBXProject;
			attributes = {
				BuildIndependentTargetsInParallel = 1;
				LastSwiftUpdateCheck = 1540;
				LastUpgradeCheck = 1540;
				TargetAttributes = {
					8923F0BB2C05BB7A0029561D = {
						CreatedOnToolsVersion = 15.4;
					};
				};
			};
			buildConfigurationList = 8923F0B72C05BB7A0029561D /* Build configuration list for PBXProject "Todo" */;
			compatibilityVersion = "Xcode 14.0";
			developmentRegion = en;
			hasScannedForEncodings = 0;
			knownRegions = (
				en,
				Base,
			);
			mainGroup = 8923F0B32C05BB7A0029561D;
			packageReferences = (
				AAD427A42C219AF800731A46 /* XCRemoteSwiftPackageReference "lottie-ios" */,
				AAD427A72C219B3200731A46 /* XCRemoteSwiftPackageReference "SimpleCheckbox" */,
				AAD427AA2C219B6B00731A46 /* XCRemoteSwiftPackageReference "TagListView" */,
			);
			productRefGroup = 8923F0BD2C05BB7A0029561D /* Products */;
			projectDirPath = "";
			projectRoot = "";
			targets = (
				8923F0BB2C05BB7A0029561D /* Todo */,
			);
		};
/* End PBXProject section */

/* Begin PBXResourcesBuildPhase section */
		8923F0BA2C05BB7A0029561D /* Resources */ = {
			isa = PBXResourcesBuildPhase;
			buildActionMask = 2147483647;
			files = (
				894D4CBD2C0C3D0600B71552 /* FriendManagement.storyboard in Resources */,
				894D4C9B2C09B70200B71552 /* FriendManagement_myFriends.storyboard in Resources */,
				894D4CB12C09F06F00B71552 /* MyPage.storyboard in Resources */,
				894D4CB92C0C2FC300B71552 /* SignUp.storyboard in Resources */,
				8923F0D62C08CAEE0029561D /* Login.storyboard in Resources */,
				894D4C9D2C09B73200B71552 /* FriendManagement_requests.storyboard in Resources */,
				8923F0C92C05BB7B0029561D /* Assets.xcassets in Resources */,
				894D4CA92C09E11F00B71552 /* MyTodoEnroll.storyboard in Resources */,
				8923F0CC2C05BB7B0029561D /* Base in Resources */,
				8923F0C72C05BB7A0029561D /* Base in Resources */,
				894D4CB52C0C2D6E00B71552 /* MyInfoEdit.storyboard in Resources */,
				894D4CA52C09DE0100B71552 /* MyFriendsTodo.storyboard in Resources */,
				8923F0E32C094C990029561D /* FriendManagement_addFriend.storyboard in Resources */,
			);
			runOnlyForDeploymentPostprocessing = 0;
		};
/* End PBXResourcesBuildPhase section */

/* Begin PBXSourcesBuildPhase section */
		8923F0B82C05BB7A0029561D /* Sources */ = {
			isa = PBXSourcesBuildPhase;
			buildActionMask = 2147483647;
			files = (
				8923F0C42C05BB7A0029561D /* MainViewController.swift in Sources */,
				8923C3912C217A130088BEED /* MyFriendsCell.swift in Sources */,
				894D4CAB2C09E13000B71552 /* MyTodoEnrollController.swift in Sources */,
				894D4CA32C09D9E500B71552 /* RequestViewController.swift in Sources */,
				894D4C9F2C09D9A000B71552 /* AddFriendViewController.swift in Sources */,
				8923F0D82C08CBCC0029561D /* LoginViewController.swift in Sources */,
				894D4CB72C0C2F2200B71552 /* MyInfoEditViewController.swift in Sources */,
				8923F0DF2C08D47E0029561D /* LoadingViewController.swift in Sources */,
				8923C38F2C217A060088BEED /* FriendCellTableViewCell.swift in Sources */,
				AAA166AE2C0EF98B00AAA8B3 /* LogInTabBarController.swift in Sources */,
				894D4CB32C0C2C3B00B71552 /* MyPageViewController.swift in Sources */,
				898904B22C1BEDE10021AE32 /* FriendsTodoDetailController.swift in Sources */,
				894D4CA12C09D9CC00B71552 /* MyFriendsViewController.swift in Sources */,
				8924AB172C0F0C1800FFA438 /* MyTodoViewController.swift in Sources */,
				8923C3932C217A260088BEED /* MyFriendViewCell.swift in Sources */,
				894D4CA72C09DE8000B71552 /* MyFriendsTodoController.swift in Sources */,
				8924AB262C16ED3100FFA438 /* MyFriendTodoCell.swift in Sources */,
				894D4CBF2C0C3E7C00B71552 /* FriendManagementTabBarController.swift in Sources */,
				898904AE2C1BE56A0021AE32 /* MyTodoDetailController.swift in Sources */,
				8923F0C02C05BB7A0029561D /* AppDelegate.swift in Sources */,
				8923C3952C217A330088BEED /* RequestViewCell.swift in Sources */,
				AA7581E62C23DD5B0048EF41 /* FriendsManager.swift in Sources */,
				894D4CBB2C0C31FB00B71552 /* SignUpViewController.swift in Sources */,
				8923F0C22C05BB7A0029561D /* SceneDelegate.swift in Sources */,
			);
			runOnlyForDeploymentPostprocessing = 0;
		};
/* End PBXSourcesBuildPhase section */

/* Begin PBXVariantGroup section */
		8923F0C52C05BB7A0029561D /* Main.storyboard */ = {
			isa = PBXVariantGroup;
			children = (
				8923F0C62C05BB7A0029561D /* Base */,
			);
			name = Main.storyboard;
			sourceTree = "<group>";
		};
		8923F0CA2C05BB7B0029561D /* LaunchScreen.storyboard */ = {
			isa = PBXVariantGroup;
			children = (
				8923F0CB2C05BB7B0029561D /* Base */,
			);
			name = LaunchScreen.storyboard;
			sourceTree = "<group>";
		};
/* End PBXVariantGroup section */

/* Begin XCBuildConfiguration section */
		8923F0CE2C05BB7B0029561D /* Debug */ = {
			isa = XCBuildConfiguration;
			buildSettings = {
				ALWAYS_SEARCH_USER_PATHS = NO;
				ASSETCATALOG_COMPILER_GENERATE_SWIFT_ASSET_SYMBOL_EXTENSIONS = YES;
				CLANG_ANALYZER_NONNULL = YES;
				CLANG_ANALYZER_NUMBER_OBJECT_CONVERSION = YES_AGGRESSIVE;
				CLANG_CXX_LANGUAGE_STANDARD = "gnu++20";
				CLANG_ENABLE_MODULES = YES;
				CLANG_ENABLE_OBJC_ARC = YES;
				CLANG_ENABLE_OBJC_WEAK = YES;
				CLANG_WARN_BLOCK_CAPTURE_AUTORELEASING = YES;
				CLANG_WARN_BOOL_CONVERSION = YES;
				CLANG_WARN_COMMA = YES;
				CLANG_WARN_CONSTANT_CONVERSION = YES;
				CLANG_WARN_DEPRECATED_OBJC_IMPLEMENTATIONS = YES;
				CLANG_WARN_DIRECT_OBJC_ISA_USAGE = YES_ERROR;
				CLANG_WARN_DOCUMENTATION_COMMENTS = YES;
				CLANG_WARN_EMPTY_BODY = YES;
				CLANG_WARN_ENUM_CONVERSION = YES;
				CLANG_WARN_INFINITE_RECURSION = YES;
				CLANG_WARN_INT_CONVERSION = YES;
				CLANG_WARN_NON_LITERAL_NULL_CONVERSION = YES;
				CLANG_WARN_OBJC_IMPLICIT_RETAIN_SELF = YES;
				CLANG_WARN_OBJC_LITERAL_CONVERSION = YES;
				CLANG_WARN_OBJC_ROOT_CLASS = YES_ERROR;
				CLANG_WARN_QUOTED_INCLUDE_IN_FRAMEWORK_HEADER = YES;
				CLANG_WARN_RANGE_LOOP_ANALYSIS = YES;
				CLANG_WARN_STRICT_PROTOTYPES = YES;
				CLANG_WARN_SUSPICIOUS_MOVE = YES;
				CLANG_WARN_UNGUARDED_AVAILABILITY = YES_AGGRESSIVE;
				CLANG_WARN_UNREACHABLE_CODE = YES;
				CLANG_WARN__DUPLICATE_METHOD_MATCH = YES;
				COPY_PHASE_STRIP = NO;
				DEBUG_INFORMATION_FORMAT = dwarf;
				ENABLE_STRICT_OBJC_MSGSEND = YES;
				ENABLE_TESTABILITY = YES;
				ENABLE_USER_SCRIPT_SANDBOXING = YES;
				GCC_C_LANGUAGE_STANDARD = gnu17;
				GCC_DYNAMIC_NO_PIC = NO;
				GCC_NO_COMMON_BLOCKS = YES;
				GCC_OPTIMIZATION_LEVEL = 0;
				GCC_PREPROCESSOR_DEFINITIONS = (
					"DEBUG=1",
					"$(inherited)",
				);
				GCC_WARN_64_TO_32_BIT_CONVERSION = YES;
				GCC_WARN_ABOUT_RETURN_TYPE = YES_ERROR;
				GCC_WARN_UNDECLARED_SELECTOR = YES;
				GCC_WARN_UNINITIALIZED_AUTOS = YES_AGGRESSIVE;
				GCC_WARN_UNUSED_FUNCTION = YES;
				GCC_WARN_UNUSED_VARIABLE = YES;
				IPHONEOS_DEPLOYMENT_TARGET = 17.5;
				LOCALIZATION_PREFERS_STRING_CATALOGS = YES;
				MTL_ENABLE_DEBUG_INFO = INCLUDE_SOURCE;
				MTL_FAST_MATH = YES;
				ONLY_ACTIVE_ARCH = YES;
				SDKROOT = iphoneos;
				SWIFT_ACTIVE_COMPILATION_CONDITIONS = "DEBUG $(inherited)";
				SWIFT_OPTIMIZATION_LEVEL = "-Onone";
			};
			name = Debug;
		};
		8923F0CF2C05BB7B0029561D /* Release */ = {
			isa = XCBuildConfiguration;
			buildSettings = {
				ALWAYS_SEARCH_USER_PATHS = NO;
				ASSETCATALOG_COMPILER_GENERATE_SWIFT_ASSET_SYMBOL_EXTENSIONS = YES;
				CLANG_ANALYZER_NONNULL = YES;
				CLANG_ANALYZER_NUMBER_OBJECT_CONVERSION = YES_AGGRESSIVE;
				CLANG_CXX_LANGUAGE_STANDARD = "gnu++20";
				CLANG_ENABLE_MODULES = YES;
				CLANG_ENABLE_OBJC_ARC = YES;
				CLANG_ENABLE_OBJC_WEAK = YES;
				CLANG_WARN_BLOCK_CAPTURE_AUTORELEASING = YES;
				CLANG_WARN_BOOL_CONVERSION = YES;
				CLANG_WARN_COMMA = YES;
				CLANG_WARN_CONSTANT_CONVERSION = YES;
				CLANG_WARN_DEPRECATED_OBJC_IMPLEMENTATIONS = YES;
				CLANG_WARN_DIRECT_OBJC_ISA_USAGE = YES_ERROR;
				CLANG_WARN_DOCUMENTATION_COMMENTS = YES;
				CLANG_WARN_EMPTY_BODY = YES;
				CLANG_WARN_ENUM_CONVERSION = YES;
				CLANG_WARN_INFINITE_RECURSION = YES;
				CLANG_WARN_INT_CONVERSION = YES;
				CLANG_WARN_NON_LITERAL_NULL_CONVERSION = YES;
				CLANG_WARN_OBJC_IMPLICIT_RETAIN_SELF = YES;
				CLANG_WARN_OBJC_LITERAL_CONVERSION = YES;
				CLANG_WARN_OBJC_ROOT_CLASS = YES_ERROR;
				CLANG_WARN_QUOTED_INCLUDE_IN_FRAMEWORK_HEADER = YES;
				CLANG_WARN_RANGE_LOOP_ANALYSIS = YES;
				CLANG_WARN_STRICT_PROTOTYPES = YES;
				CLANG_WARN_SUSPICIOUS_MOVE = YES;
				CLANG_WARN_UNGUARDED_AVAILABILITY = YES_AGGRESSIVE;
				CLANG_WARN_UNREACHABLE_CODE = YES;
				CLANG_WARN__DUPLICATE_METHOD_MATCH = YES;
				COPY_PHASE_STRIP = NO;
				DEBUG_INFORMATION_FORMAT = "dwarf-with-dsym";
				ENABLE_NS_ASSERTIONS = NO;
				ENABLE_STRICT_OBJC_MSGSEND = YES;
				ENABLE_USER_SCRIPT_SANDBOXING = YES;
				GCC_C_LANGUAGE_STANDARD = gnu17;
				GCC_NO_COMMON_BLOCKS = YES;
				GCC_WARN_64_TO_32_BIT_CONVERSION = YES;
				GCC_WARN_ABOUT_RETURN_TYPE = YES_ERROR;
				GCC_WARN_UNDECLARED_SELECTOR = YES;
				GCC_WARN_UNINITIALIZED_AUTOS = YES_AGGRESSIVE;
				GCC_WARN_UNUSED_FUNCTION = YES;
				GCC_WARN_UNUSED_VARIABLE = YES;
				IPHONEOS_DEPLOYMENT_TARGET = 17.5;
				LOCALIZATION_PREFERS_STRING_CATALOGS = YES;
				MTL_ENABLE_DEBUG_INFO = NO;
				MTL_FAST_MATH = YES;
				SDKROOT = iphoneos;
				SWIFT_COMPILATION_MODE = wholemodule;
				VALIDATE_PRODUCT = YES;
			};
			name = Release;
		};
		8923F0D12C05BB7B0029561D /* Debug */ = {
			isa = XCBuildConfiguration;
			buildSettings = {
				ASSETCATALOG_COMPILER_APPICON_NAME = AppIcon;
				ASSETCATALOG_COMPILER_GLOBAL_ACCENT_COLOR_NAME = AccentColor;
				CODE_SIGN_STYLE = Automatic;
				CURRENT_PROJECT_VERSION = 1;
				DEVELOPMENT_TEAM = C43MM4LQW7;
				GENERATE_INFOPLIST_FILE = YES;
				INFOPLIST_FILE = Todo/Info.plist;
				INFOPLIST_KEY_UIApplicationSupportsIndirectInputEvents = YES;
				INFOPLIST_KEY_UILaunchStoryboardName = LaunchScreen;
				INFOPLIST_KEY_UIMainStoryboardFile = Main;
				INFOPLIST_KEY_UISupportedInterfaceOrientations_iPad = "UIInterfaceOrientationPortrait UIInterfaceOrientationPortraitUpsideDown UIInterfaceOrientationLandscapeLeft UIInterfaceOrientationLandscapeRight";
				INFOPLIST_KEY_UISupportedInterfaceOrientations_iPhone = "UIInterfaceOrientationPortrait UIInterfaceOrientationLandscapeLeft UIInterfaceOrientationLandscapeRight";
				IPHONEOS_DEPLOYMENT_TARGET = 17.4;
				LD_RUNPATH_SEARCH_PATHS = (
					"$(inherited)",
					"@executable_path/Frameworks",
				);
				MARKETING_VERSION = 1.0;
				PRODUCT_BUNDLE_IDENTIFIER = com.anhongbeom.Todo;
				PRODUCT_NAME = "$(TARGET_NAME)";
				SWIFT_EMIT_LOC_STRINGS = YES;
				SWIFT_VERSION = 5.0;
				TARGETED_DEVICE_FAMILY = "1,2";
			};
			name = Debug;
		};
		8923F0D22C05BB7B0029561D /* Release */ = {
			isa = XCBuildConfiguration;
			buildSettings = {
				ASSETCATALOG_COMPILER_APPICON_NAME = AppIcon;
				ASSETCATALOG_COMPILER_GLOBAL_ACCENT_COLOR_NAME = AccentColor;
				CODE_SIGN_STYLE = Automatic;
				CURRENT_PROJECT_VERSION = 1;
				DEVELOPMENT_TEAM = C43MM4LQW7;
				GENERATE_INFOPLIST_FILE = YES;
				INFOPLIST_FILE = Todo/Info.plist;
				INFOPLIST_KEY_UIApplicationSupportsIndirectInputEvents = YES;
				INFOPLIST_KEY_UILaunchStoryboardName = LaunchScreen;
				INFOPLIST_KEY_UIMainStoryboardFile = Main;
				INFOPLIST_KEY_UISupportedInterfaceOrientations_iPad = "UIInterfaceOrientationPortrait UIInterfaceOrientationPortraitUpsideDown UIInterfaceOrientationLandscapeLeft UIInterfaceOrientationLandscapeRight";
				INFOPLIST_KEY_UISupportedInterfaceOrientations_iPhone = "UIInterfaceOrientationPortrait UIInterfaceOrientationLandscapeLeft UIInterfaceOrientationLandscapeRight";
				IPHONEOS_DEPLOYMENT_TARGET = 17.4;
				LD_RUNPATH_SEARCH_PATHS = (
					"$(inherited)",
					"@executable_path/Frameworks",
				);
				MARKETING_VERSION = 1.0;
				PRODUCT_BUNDLE_IDENTIFIER = com.anhongbeom.Todo;
				PRODUCT_NAME = "$(TARGET_NAME)";
				SWIFT_EMIT_LOC_STRINGS = YES;
				SWIFT_VERSION = 5.0;
				TARGETED_DEVICE_FAMILY = "1,2";
			};
			name = Release;
		};
/* End XCBuildConfiguration section */

/* Begin XCConfigurationList section */
		8923F0B72C05BB7A0029561D /* Build configuration list for PBXProject "Todo" */ = {
			isa = XCConfigurationList;
			buildConfigurations = (
				8923F0CE2C05BB7B0029561D /* Debug */,
				8923F0CF2C05BB7B0029561D /* Release */,
			);
			defaultConfigurationIsVisible = 0;
			defaultConfigurationName = Release;
		};
		8923F0D02C05BB7B0029561D /* Build configuration list for PBXNativeTarget "Todo" */ = {
			isa = XCConfigurationList;
			buildConfigurations = (
				8923F0D12C05BB7B0029561D /* Debug */,
				8923F0D22C05BB7B0029561D /* Release */,
			);
			defaultConfigurationIsVisible = 0;
			defaultConfigurationName = Release;
		};
/* End XCConfigurationList section */

/* Begin XCRemoteSwiftPackageReference section */
		AAD427A42C219AF800731A46 /* XCRemoteSwiftPackageReference "lottie-ios" */ = {
			isa = XCRemoteSwiftPackageReference;
			repositoryURL = "https://github.com/airbnb/lottie-ios.git";
			requirement = {
				kind = upToNextMajorVersion;
				minimumVersion = 4.4.3;
			};
		};
		AAD427A72C219B3200731A46 /* XCRemoteSwiftPackageReference "SimpleCheckbox" */ = {
			isa = XCRemoteSwiftPackageReference;
			repositoryURL = "https://github.com/BeauNouvelle/SimpleCheckbox.git";
			requirement = {
				kind = upToNextMajorVersion;
				minimumVersion = 2.5.1;
			};
		};
		AAD427AA2C219B6B00731A46 /* XCRemoteSwiftPackageReference "TagListView" */ = {
			isa = XCRemoteSwiftPackageReference;
			repositoryURL = "https://github.com/ElaWorkshop/TagListView.git";
			requirement = {
				kind = upToNextMajorVersion;
				minimumVersion = 1.4.1;
			};
		};
/* End XCRemoteSwiftPackageReference section */

/* Begin XCSwiftPackageProductDependency section */
		AAD427A52C219AF800731A46 /* Lottie */ = {
			isa = XCSwiftPackageProductDependency;
			package = AAD427A42C219AF800731A46 /* XCRemoteSwiftPackageReference "lottie-ios" */;
			productName = Lottie;
		};
		AAD427A82C219B3200731A46 /* SimpleCheckbox */ = {
			isa = XCSwiftPackageProductDependency;
			package = AAD427A72C219B3200731A46 /* XCRemoteSwiftPackageReference "SimpleCheckbox" */;
			productName = SimpleCheckbox;
		};
		AAD427AB2C219B6B00731A46 /* TagListView */ = {
			isa = XCSwiftPackageProductDependency;
			package = AAD427AA2C219B6B00731A46 /* XCRemoteSwiftPackageReference "TagListView" */;
			productName = TagListView;
		};
/* End XCSwiftPackageProductDependency section */
	};
	rootObject = 8923F0B42C05BB7A0029561D /* Project object */;
}
